%{
  "atomic_map": {:hex, :atomic_map, "0.9.3", "3c7f1302e0590164732d08ca999708efbb2cd768abf2911cf140280ce2dc499d", [:mix], [], "hexpm"},
  "key_tools": {:hex, :key_tools, "0.4.1", "4bdf5a39190dc465e58f0c44784b7bb5300bafbbfff2b4ada4d7ec3bfde8d470", [:mix], [], "hexpm"},
  "proper_case": {:hex, :proper_case, "1.2.0", "31e5b4c9f73b831a8e463b6ba514330a72850e083ee329f4c215bee3d81fb2cc", [:mix], [], "hexpm"},
}
